
Microsoft Visual Studio Solution File, Format Version 12.00
# Visual Studio 15
VisualStudioVersion = 15.0.27004.2002
MinimumVisualStudioVersion = 10.0.40219.1
Project("{9A19103F-16F7-4668-BE54-9A1E7A4F7556}") = "Raven.Message.RabbitMQ", "Raven.Message.RabbitMQClient\Raven.Message.Rabbit\Raven.Message.RabbitMQ.csproj", "{60CAF5BB-E112-43BB-BD68-7D61E0D03589}"
EndProject
Project("{FAE04EC0-301F-11D3-BF4B-00C04F79EFBC}") = "Raven.Message.RabbitMQ.FrameworkTest", "Raven.Message.RabbitMQClient\Raven.Message.RabbitMQ.FrameworkTest\Raven.Message.RabbitMQ.FrameworkTest.csproj", "{E3DF369B-A760-4A41-8A91-C62A8C03DEF3}"
EndProject
Project("{9A19103F-16F7-4668-BE54-9A1E7A4F7556}") = "Raven.EventClient", "Raven.Message.RabbitMQClient\Raven.EventClient\Raven.EventClient.csproj", "{E0534C76-ADFC-4472-8FD0-B1F254E66C8D}"
EndProject
Project("{FAE04EC0-301F-11D3-BF4B-00C04F79EFBC}") = "Raven.EventClient.Test", "Raven.Message.RabbitMQClient\Raven.EventClient.Test\Raven.EventClient.Test.csproj", "{CC76970B-4B7B-4619-B25C-49F8AB87ACE9}"
EndProject
Global
	GlobalSection(SolutionConfigurationPlatforms) = preSolution
		Debug|Any CPU = Debug|Any CPU
		Release|Any CPU = Release|Any CPU
	EndGlobalSection
	GlobalSection(ProjectConfigurationPlatforms) = postSolution
		{60CAF5BB-E112-43BB-BD68-7D61E0D03589}.Debug|Any CPU.ActiveCfg = Debug|Any CPU
		{60CAF5BB-E112-43BB-BD68-7D61E0D03589}.Debug|Any CPU.Build.0 = Debug|Any CPU
		{60CAF5BB-E112-43BB-BD68-7D61E0D03589}.Release|Any CPU.ActiveCfg = Release|Any CPU
		{60CAF5BB-E112-43BB-BD68-7D61E0D03589}.Release|Any CPU.Build.0 = Release|Any CPU
		{E3DF369B-A760-4A41-8A91-C62A8C03DEF3}.Debug|Any CPU.ActiveCfg = Debug|Any CPU
		{E3DF369B-A760-4A41-8A91-C62A8C03DEF3}.Debug|Any CPU.Build.0 = Debug|Any CPU
		{E3DF369B-A760-4A41-8A91-C62A8C03DEF3}.Release|Any CPU.ActiveCfg = Release|Any CPU
		{E3DF369B-A760-4A41-8A91-C62A8C03DEF3}.Release|Any CPU.Build.0 = Release|Any CPU
		{E0534C76-ADFC-4472-8FD0-B1F254E66C8D}.Debug|Any CPU.ActiveCfg = Debug|Any CPU
		{E0534C76-ADFC-4472-8FD0-B1F254E66C8D}.Debug|Any CPU.Build.0 = Debug|Any CPU
		{E0534C76-ADFC-4472-8FD0-B1F254E66C8D}.Release|Any CPU.ActiveCfg = Release|Any CPU
		{E0534C76-ADFC-4472-8FD0-B1F254E66C8D}.Release|Any CPU.Build.0 = Release|Any CPU
		{CC76970B-4B7B-4619-B25C-49F8AB87ACE9}.Debug|Any CPU.ActiveCfg = Debug|Any CPU
		{CC76970B-4B7B-4619-B25C-49F8AB87ACE9}.Debug|Any CPU.Build.0 = Debug|Any CPU
		{CC76970B-4B7B-4619-B25C-49F8AB87ACE9}.Release|Any CPU.ActiveCfg = Release|Any CPU
		{CC76970B-4B7B-4619-B25C-49F8AB87ACE9}.Release|Any CPU.Build.0 = Release|Any CPU
	EndGlobalSection
	GlobalSection(SolutionProperties) = preSolution
		HideSolutionNode = FALSE
	EndGlobalSection
	GlobalSection(ExtensibilityGlobals) = postSolution
		SolutionGuid = {09A61D00-9A40-4B4D-ADB9-59D5927099BE}
	EndGlobalSection
EndGlobal
