
Microsoft Visual Studio Solution File, Format Version 12.00
# Visual Studio 15
VisualStudioVersion = 15.0.27004.2009
MinimumVisualStudioVersion = 10.0.40219.1
Project("{FAE04EC0-301F-11D3-BF4B-00C04F79EFBC}") = "Raven.RabbitMQClient", "Raven.RabbitMQClient\Raven.RabbitMQClient.csproj", "{52C7322C-53B9-4611-8642-C636C162136E}"
EndProject
Project("{FAE04EC0-301F-11D3-BF4B-00C04F79EFBC}") = "Raven.RabbitMQClient.TestConsole", "Test\Raven.RabbitMQClient.TestConsole\Raven.RabbitMQClient.TestConsole.csproj", "{F89D26D5-03B7-4F21-8E54-3724A7BDE952}"
EndProject
Global
	GlobalSection(SolutionConfigurationPlatforms) = preSolution
		Debug|Any CPU = Debug|Any CPU
		Release|Any CPU = Release|Any CPU
	EndGlobalSection
	GlobalSection(ProjectConfigurationPlatforms) = postSolution
		{52C7322C-53B9-4611-8642-C636C162136E}.Debug|Any CPU.ActiveCfg = Debug|Any CPU
		{52C7322C-53B9-4611-8642-C636C162136E}.Debug|Any CPU.Build.0 = Debug|Any CPU
		{52C7322C-53B9-4611-8642-C636C162136E}.Release|Any CPU.ActiveCfg = Release|Any CPU
		{52C7322C-53B9-4611-8642-C636C162136E}.Release|Any CPU.Build.0 = Release|Any CPU
		{F89D26D5-03B7-4F21-8E54-3724A7BDE952}.Debug|Any CPU.ActiveCfg = Debug|Any CPU
		{F89D26D5-03B7-4F21-8E54-3724A7BDE952}.Debug|Any CPU.Build.0 = Debug|Any CPU
		{F89D26D5-03B7-4F21-8E54-3724A7BDE952}.Release|Any CPU.ActiveCfg = Release|Any CPU
		{F89D26D5-03B7-4F21-8E54-3724A7BDE952}.Release|Any CPU.Build.0 = Release|Any CPU
	EndGlobalSection
	GlobalSection(SolutionProperties) = preSolution
		HideSolutionNode = FALSE
	EndGlobalSection
	GlobalSection(ExtensibilityGlobals) = postSolution
		SolutionGuid = {7C8E5557-2425-4855-B30C-BD9BF5BB5F6A}
	EndGlobalSection
EndGlobal
