
Microsoft Visual Studio Solution File, Format Version 12.00
# Visual Studio 14
VisualStudioVersion = 14.0.24720.0
MinimumVisualStudioVersion = 10.0.40219.1
Project("{FAE04EC0-301F-11D3-BF4B-00C04F79EFBC}") = "Raven.Message.RabbitMQ", "Raven.Message.RabbitMQ\Raven.Message.RabbitMQ.csproj", "{F1EC9768-8809-4D73-9E5D-518164C288EC}"
EndProject
Project("{FAE04EC0-301F-11D3-BF4B-00C04F79EFBC}") = "Raven.Message.RabbitMQ.Demo", "Raven.Message.RabbitMQ.Demo\Raven.Message.RabbitMQ.Demo.csproj", "{F28161AC-EDCD-488E-976A-FFBBC25F96B3}"
EndProject
Project("{FAE04EC0-301F-11D3-BF4B-00C04F79EFBC}") = "Raven.Message.RabbitMQTests", "Raven.Message.RabbitMQTests\Raven.Message.RabbitMQTests.csproj", "{9E390E23-C5A5-4C9C-BA19-7F3DE4B8E777}"
EndProject
Project("{2150E333-8FDC-42A3-9474-1A3956D46DE8}") = "PerfTest", "PerfTest", "{2747E622-A41E-4B9C-BCAE-03F12972D2A1}"
EndProject
Project("{FAE04EC0-301F-11D3-BF4B-00C04F79EFBC}") = "ProducerConsole", "PerfTest\ProducerConsole\ProducerConsole.csproj", "{D18CABEE-945B-49BC-893B-F8DCB334BD03}"
EndProject
Project("{FAE04EC0-301F-11D3-BF4B-00C04F79EFBC}") = "ConsumerConsole", "PerfTest\ConsumerConsole\ConsumerConsole.csproj", "{58CA27BE-9028-458E-83FF-78029361C55F}"
EndProject
Global
	GlobalSection(SolutionConfigurationPlatforms) = preSolution
		Debug|Any CPU = Debug|Any CPU
		Release|Any CPU = Release|Any CPU
	EndGlobalSection
	GlobalSection(ProjectConfigurationPlatforms) = postSolution
		{F1EC9768-8809-4D73-9E5D-518164C288EC}.Debug|Any CPU.ActiveCfg = Debug|Any CPU
		{F1EC9768-8809-4D73-9E5D-518164C288EC}.Debug|Any CPU.Build.0 = Debug|Any CPU
		{F1EC9768-8809-4D73-9E5D-518164C288EC}.Release|Any CPU.ActiveCfg = Release|Any CPU
		{F1EC9768-8809-4D73-9E5D-518164C288EC}.Release|Any CPU.Build.0 = Release|Any CPU
		{F28161AC-EDCD-488E-976A-FFBBC25F96B3}.Debug|Any CPU.ActiveCfg = Debug|Any CPU
		{F28161AC-EDCD-488E-976A-FFBBC25F96B3}.Debug|Any CPU.Build.0 = Debug|Any CPU
		{F28161AC-EDCD-488E-976A-FFBBC25F96B3}.Release|Any CPU.ActiveCfg = Release|Any CPU
		{F28161AC-EDCD-488E-976A-FFBBC25F96B3}.Release|Any CPU.Build.0 = Release|Any CPU
		{9E390E23-C5A5-4C9C-BA19-7F3DE4B8E777}.Debug|Any CPU.ActiveCfg = Debug|Any CPU
		{9E390E23-C5A5-4C9C-BA19-7F3DE4B8E777}.Debug|Any CPU.Build.0 = Debug|Any CPU
		{9E390E23-C5A5-4C9C-BA19-7F3DE4B8E777}.Release|Any CPU.ActiveCfg = Release|Any CPU
		{9E390E23-C5A5-4C9C-BA19-7F3DE4B8E777}.Release|Any CPU.Build.0 = Release|Any CPU
		{D18CABEE-945B-49BC-893B-F8DCB334BD03}.Debug|Any CPU.ActiveCfg = Debug|Any CPU
		{D18CABEE-945B-49BC-893B-F8DCB334BD03}.Debug|Any CPU.Build.0 = Debug|Any CPU
		{D18CABEE-945B-49BC-893B-F8DCB334BD03}.Release|Any CPU.ActiveCfg = Release|Any CPU
		{D18CABEE-945B-49BC-893B-F8DCB334BD03}.Release|Any CPU.Build.0 = Release|Any CPU
		{58CA27BE-9028-458E-83FF-78029361C55F}.Debug|Any CPU.ActiveCfg = Debug|Any CPU
		{58CA27BE-9028-458E-83FF-78029361C55F}.Debug|Any CPU.Build.0 = Debug|Any CPU
		{58CA27BE-9028-458E-83FF-78029361C55F}.Release|Any CPU.ActiveCfg = Release|Any CPU
		{58CA27BE-9028-458E-83FF-78029361C55F}.Release|Any CPU.Build.0 = Release|Any CPU
	EndGlobalSection
	GlobalSection(SolutionProperties) = preSolution
		HideSolutionNode = FALSE
	EndGlobalSection
	GlobalSection(NestedProjects) = preSolution
		{D18CABEE-945B-49BC-893B-F8DCB334BD03} = {2747E622-A41E-4B9C-BCAE-03F12972D2A1}
		{58CA27BE-9028-458E-83FF-78029361C55F} = {2747E622-A41E-4B9C-BCAE-03F12972D2A1}
	EndGlobalSection
EndGlobal
